{
  "nodes": {
    "nixpkgs": {
      "locked": {
        "lastModified": 1732749044,
        "narHash": "sha256-T38FQOg0BV5M8FN1712fovzNakSOENEYs+CSkg31C9Y=",
        "rev": "0c5b4ecbed5b155b705336aa96d878e55acd8685",
        "revCount": 637005,
        "type": "tarball",
        "url": "https://api.flakehub.com/f/pinned/NixOS/nixpkgs/0.2405.637005%2Brev-0c5b4ecbed5b155b705336aa96d878e55acd8685/01937344-6cb7-7357-933a-6805838c0c3c/source.tar.gz"
      },
      "original": {
        "type": "tarball",
        "url": "https://flakehub.com/f/NixOS/nixpkgs/%2A.tar.gz"
      }
    },
    "parts": {
      "inputs": {
        "nixpkgs-lib": [
          "nixpkgs"
        ]
      },
      "locked": {
        "lastModified": 1730504689,
        "narHash": "sha256-hgmguH29K2fvs9szpq2r3pz2/8cJd2LPS+b4tfNFCwE=",
        "owner": "hercules-ci",
        "repo": "flake-parts",
        "rev": "506278e768c2a08bec68eb62932193e341f55c90",
        "type": "github"
      },
      "original": {
        "owner": "hercules-ci",
        "repo": "flake-parts",
        "type": "github"
      }
    },
    "root": {
      "inputs": {
        "nixpkgs": "nixpkgs",
        "parts": "parts"
      }
    }
  },
  "root": "root",
  "version": 7
}
